// !$*UTF8*$!
{
	archiveVersion = 1;
	classes = {
	};
	objectVersion = 56;
	objects = {

/* Begin PBXBuildFile section */
		0418401E2A0DC7E3005A02F7 /* ProfileView.swift in Sources */ = {isa = PBXBuildFile; fileRef = 0418401B2A0DC7E3005A02F7 /* ProfileView.swift */; };
		0418401F2A0DC7E3005A02F7 /* ProfileEditor.swift in Sources */ = {isa = PBXBuildFile; fileRef = 0418401C2A0DC7E3005A02F7 /* ProfileEditor.swift */; };
		041840202A0DC7E3005A02F7 /* ProfileHost.swift in Sources */ = {isa = PBXBuildFile; fileRef = 0418401D2A0DC7E3005A02F7 /* ProfileHost.swift */; };
		042916392A1FAFAD003E00A0 /* BuzzPopMacApp.swift in Sources */ = {isa = PBXBuildFile; fileRef = 042916382A1FAFAD003E00A0 /* BuzzPopMacApp.swift */; };
		0429163B2A1FAFAD003E00A0 /* ContentView.swift in Sources */ = {isa = PBXBuildFile; fileRef = 0429163A2A1FAFAD003E00A0 /* ContentView.swift */; };
		0429163D2A1FAFAF003E00A0 /* Assets.xcassets in Resources */ = {isa = PBXBuildFile; fileRef = 0429163C2A1FAFAF003E00A0 /* Assets.xcassets */; };
		042916402A1FAFAF003E00A0 /* Preview Assets.xcassets in Resources */ = {isa = PBXBuildFile; fileRef = 0429163F2A1FAFAF003E00A0 /* Preview Assets.xcassets */; };
		042916452A1FB830003E00A0 /* Assets.xcassets in Resources */ = {isa = PBXBuildFile; fileRef = 0474BDD62A0A660B00D9A3FE /* Assets.xcassets */; };
		042916492A1FBA3B003E00A0 /* Music.swift in Sources */ = {isa = PBXBuildFile; fileRef = 0474BDFD2A0A6C8000D9A3FE /* Music.swift */; };
		0429164A2A1FBA3B003E00A0 /* Game.swift in Sources */ = {isa = PBXBuildFile; fileRef = 0474BE012A0A6C9F00D9A3FE /* Game.swift */; };
		0429164B2A1FBA3B003E00A0 /* User.swift in Sources */ = {isa = PBXBuildFile; fileRef = 0474BDFF2A0A6C8A00D9A3FE /* User.swift */; };
		0429164C2A1FBA3B003E00A0 /* History.swift in Sources */ = {isa = PBXBuildFile; fileRef = 42A426122A1C3FD200884FE7 /* History.swift */; };
		0429164F2A1FC922003E00A0 /* ProfileView.swift in Sources */ = {isa = PBXBuildFile; fileRef = 0429164E2A1FC922003E00A0 /* ProfileView.swift */; };
		0462879E2A1626FC005EBDB1 /* Franz Ferdinand - This Fire.mp3 in Resources */ = {isa = PBXBuildFile; fileRef = 0462879D2A1626FC005EBDB1 /* Franz Ferdinand - This Fire.mp3 */; };
		046287A12A1627AB005EBDB1 /* Joji.mp3 in Resources */ = {isa = PBXBuildFile; fileRef = 046287A02A1627AB005EBDB1 /* Joji.mp3 */; };
		046287A32A1627B6005EBDB1 /* Tame Impala - The Less I Know The Better.mp3 in Resources */ = {isa = PBXBuildFile; fileRef = 046287A22A1627B6005EBDB1 /* Tame Impala - The Less I Know The Better.mp3 */; };
		0474BDD32A0A660900D9A3FE /* BuzzPop_ALPApp.swift in Sources */ = {isa = PBXBuildFile; fileRef = 0474BDD22A0A660900D9A3FE /* BuzzPop_ALPApp.swift */; };
		0474BDD52A0A660900D9A3FE /* ContentView.swift in Sources */ = {isa = PBXBuildFile; fileRef = 0474BDD42A0A660900D9A3FE /* ContentView.swift */; };
		0474BDD72A0A660B00D9A3FE /* Assets.xcassets in Resources */ = {isa = PBXBuildFile; fileRef = 0474BDD62A0A660B00D9A3FE /* Assets.xcassets */; };
		0474BDDA2A0A660B00D9A3FE /* Preview Assets.xcassets in Resources */ = {isa = PBXBuildFile; fileRef = 0474BDD92A0A660B00D9A3FE /* Preview Assets.xcassets */; };
		0474BDE42A0A660B00D9A3FE /* BuzzPop_ALPTests.swift in Sources */ = {isa = PBXBuildFile; fileRef = 0474BDE32A0A660B00D9A3FE /* BuzzPop_ALPTests.swift */; };
		0474BDEE2A0A660B00D9A3FE /* BuzzPop_ALPUITests.swift in Sources */ = {isa = PBXBuildFile; fileRef = 0474BDED2A0A660B00D9A3FE /* BuzzPop_ALPUITests.swift */; };
		0474BDF02A0A660B00D9A3FE /* BuzzPop_ALPUITestsLaunchTests.swift in Sources */ = {isa = PBXBuildFile; fileRef = 0474BDEF2A0A660B00D9A3FE /* BuzzPop_ALPUITestsLaunchTests.swift */; };
		0474BDFE2A0A6C8000D9A3FE /* Music.swift in Sources */ = {isa = PBXBuildFile; fileRef = 0474BDFD2A0A6C8000D9A3FE /* Music.swift */; };
		0474BE002A0A6C8A00D9A3FE /* User.swift in Sources */ = {isa = PBXBuildFile; fileRef = 0474BDFF2A0A6C8A00D9A3FE /* User.swift */; };
		0474BE022A0A6C9F00D9A3FE /* Game.swift in Sources */ = {isa = PBXBuildFile; fileRef = 0474BE012A0A6C9F00D9A3FE /* Game.swift */; };
		0474BE0B2A0A726700D9A3FE /* GameView.swift in Sources */ = {isa = PBXBuildFile; fileRef = 0474BE0A2A0A726700D9A3FE /* GameView.swift */; };
		0474BE112A0A804C00D9A3FE /* MainGameView.swift in Sources */ = {isa = PBXBuildFile; fileRef = 0474BE102A0A804C00D9A3FE /* MainGameView.swift */; };
		0474BE132A0A805B00D9A3FE /* GameControlView.swift in Sources */ = {isa = PBXBuildFile; fileRef = 0474BE122A0A805B00D9A3FE /* GameControlView.swift */; };
		04F8A53A2A1F0AF600ED8E50 /* YOASOBI - Racing Into The Night.mp3 in Resources */ = {isa = PBXBuildFile; fileRef = 04F8A5392A1F0AF600ED8E50 /* YOASOBI - Racing Into The Night.mp3 */; };
		04F8A53C2A1F0B1600ED8E50 /* ZICO - Any Song.mp3 in Resources */ = {isa = PBXBuildFile; fileRef = 04F8A53B2A1F0B1500ED8E50 /* ZICO - Any Song.mp3 */; };
		04F8A5582A28452E00ED8E50 /* MacGameView.swift in Sources */ = {isa = PBXBuildFile; fileRef = 04F8A5572A28452E00ED8E50 /* MacGameView.swift */; };
		04F8A5592A2845AA00ED8E50 /* GameView.swift in Sources */ = {isa = PBXBuildFile; fileRef = 0474BE0A2A0A726700D9A3FE /* GameView.swift */; };
		04F8A55A2A2845B000ED8E50 /* MainGameView.swift in Sources */ = {isa = PBXBuildFile; fileRef = 0474BE102A0A804C00D9A3FE /* MainGameView.swift */; };
		04F8A55B2A2845B400ED8E50 /* GameControlView.swift in Sources */ = {isa = PBXBuildFile; fileRef = 0474BE122A0A805B00D9A3FE /* GameControlView.swift */; };
		04F8A55C2A28545F00ED8E50 /* ZICO - Any Song.mp3 in Resources */ = {isa = PBXBuildFile; fileRef = 04F8A53B2A1F0B1500ED8E50 /* ZICO - Any Song.mp3 */; };
		04F8A55D2A28546300ED8E50 /* YOASOBI - Racing Into The Night.mp3 in Resources */ = {isa = PBXBuildFile; fileRef = 04F8A5392A1F0AF600ED8E50 /* YOASOBI - Racing Into The Night.mp3 */; };
		04F8A55E2A28546500ED8E50 /* Franz Ferdinand - This Fire.mp3 in Resources */ = {isa = PBXBuildFile; fileRef = 0462879D2A1626FC005EBDB1 /* Franz Ferdinand - This Fire.mp3 */; };
		04F8A55F2A28546800ED8E50 /* Joji.mp3 in Resources */ = {isa = PBXBuildFile; fileRef = 046287A02A1627AB005EBDB1 /* Joji.mp3 */; };
		04F8A5602A28546A00ED8E50 /* Tame Impala - The Less I Know The Better.mp3 in Resources */ = {isa = PBXBuildFile; fileRef = 046287A22A1627B6005EBDB1 /* Tame Impala - The Less I Know The Better.mp3 */; };
		04F8A5622A28554D00ED8E50 /* MacTopGameView.swift in Sources */ = {isa = PBXBuildFile; fileRef = 04F8A5612A28554D00ED8E50 /* MacTopGameView.swift */; };
		04F8A5642A2855AD00ED8E50 /* MacGameControlView.swift in Sources */ = {isa = PBXBuildFile; fileRef = 04F8A5632A2855AD00ED8E50 /* MacGameControlView.swift */; };
		04F8A5662A2C510E00ED8E50 /* Smash Mouth - All Star.mp3 in Resources */ = {isa = PBXBuildFile; fileRef = 04F8A5652A2C510E00ED8E50 /* Smash Mouth - All Star.mp3 */; };
		04F8A5672A2C510E00ED8E50 /* Smash Mouth - All Star.mp3 in Resources */ = {isa = PBXBuildFile; fileRef = 04F8A5652A2C510E00ED8E50 /* Smash Mouth - All Star.mp3 */; };
		04F8A5692A2C513500ED8E50 /* Rick Astley - Never Gonna Give You Up.mp3 in Resources */ = {isa = PBXBuildFile; fileRef = 04F8A5682A2C513500ED8E50 /* Rick Astley - Never Gonna Give You Up.mp3 */; };
		04F8A56A2A2C513500ED8E50 /* Rick Astley - Never Gonna Give You Up.mp3 in Resources */ = {isa = PBXBuildFile; fileRef = 04F8A5682A2C513500ED8E50 /* Rick Astley - Never Gonna Give You Up.mp3 */; };
		04F8A56C2A2C514600ED8E50 /* George Michael - Careless Whisper.mp3 in Resources */ = {isa = PBXBuildFile; fileRef = 04F8A56B2A2C514600ED8E50 /* George Michael - Careless Whisper.mp3 */; };
		04F8A56D2A2C514600ED8E50 /* George Michael - Careless Whisper.mp3 in Resources */ = {isa = PBXBuildFile; fileRef = 04F8A56B2A2C514600ED8E50 /* George Michael - Careless Whisper.mp3 */; };
		04F8A56F2A2C517B00ED8E50 /* Doja Cat - Kiss Me More.mp3 in Resources */ = {isa = PBXBuildFile; fileRef = 04F8A56E2A2C517B00ED8E50 /* Doja Cat - Kiss Me More.mp3 */; };
		04F8A5702A2C517B00ED8E50 /* Doja Cat - Kiss Me More.mp3 in Resources */ = {isa = PBXBuildFile; fileRef = 04F8A56E2A2C517B00ED8E50 /* Doja Cat - Kiss Me More.mp3 */; };
		04F8A5722A2C519400ED8E50 /* Doja Cat - Say So.mp3 in Resources */ = {isa = PBXBuildFile; fileRef = 04F8A5712A2C519400ED8E50 /* Doja Cat - Say So.mp3 */; };
		04F8A5732A2C519400ED8E50 /* Doja Cat - Say So.mp3 in Resources */ = {isa = PBXBuildFile; fileRef = 04F8A5712A2C519400ED8E50 /* Doja Cat - Say So.mp3 */; };
		04F8A5752A2C51C000ED8E50 /* Hers - Harvey.mp3 in Resources */ = {isa = PBXBuildFile; fileRef = 04F8A5742A2C51C000ED8E50 /* Hers - Harvey.mp3 */; };
		04F8A5762A2C51C000ED8E50 /* Hers - Harvey.mp3 in Resources */ = {isa = PBXBuildFile; fileRef = 04F8A5742A2C51C000ED8E50 /* Hers - Harvey.mp3 */; };
		04F8A5782A2C51D400ED8E50 /* Labrinth - Jealous.mp3 in Resources */ = {isa = PBXBuildFile; fileRef = 04F8A5772A2C51D400ED8E50 /* Labrinth - Jealous.mp3 */; };
		04F8A5792A2C51D400ED8E50 /* Labrinth - Jealous.mp3 in Resources */ = {isa = PBXBuildFile; fileRef = 04F8A5772A2C51D400ED8E50 /* Labrinth - Jealous.mp3 */; };
		04F8A57B2A2C51EA00ED8E50 /* Coldplay - The Scientist.mp3 in Resources */ = {isa = PBXBuildFile; fileRef = 04F8A57A2A2C51EA00ED8E50 /* Coldplay - The Scientist.mp3 */; };
		04F8A57C2A2C51EA00ED8E50 /* Coldplay - The Scientist.mp3 in Resources */ = {isa = PBXBuildFile; fileRef = 04F8A57A2A2C51EA00ED8E50 /* Coldplay - The Scientist.mp3 */; };
		04F8A57E2A2C51FB00ED8E50 /* PinkPantheress Ice Spice - Boys a liar Pt 2.mp3 in Resources */ = {isa = PBXBuildFile; fileRef = 04F8A57D2A2C51FB00ED8E50 /* PinkPantheress Ice Spice - Boys a liar Pt 2.mp3 */; };
		04F8A57F2A2C51FB00ED8E50 /* PinkPantheress Ice Spice - Boys a liar Pt 2.mp3 in Resources */ = {isa = PBXBuildFile; fileRef = 04F8A57D2A2C51FB00ED8E50 /* PinkPantheress Ice Spice - Boys a liar Pt 2.mp3 */; };
		42A41D302A2DEEA9003BCEC9 /* Joseph Vincent - Cant Take My Eyes Off You Lyrics.mp3 in Resources */ = {isa = PBXBuildFile; fileRef = 42A41D2E2A2DEEA9003BCEC9 /* Joseph Vincent - Cant Take My Eyes Off You Lyrics.mp3 */; };
		42A41D312A2DEEAA003BCEC9 /* Joseph Vincent - Cant Take My Eyes Off You Lyrics.mp3 in Resources */ = {isa = PBXBuildFile; fileRef = 42A41D2E2A2DEEA9003BCEC9 /* Joseph Vincent - Cant Take My Eyes Off You Lyrics.mp3 */; };
		42A41D322A2DEEAA003BCEC9 /* Radiohead -  Creep.mp3 in Resources */ = {isa = PBXBuildFile; fileRef = 42A41D2F2A2DEEA9003BCEC9 /* Radiohead -  Creep.mp3 */; };
		42A41D332A2DEEAA003BCEC9 /* Radiohead -  Creep.mp3 in Resources */ = {isa = PBXBuildFile; fileRef = 42A41D2F2A2DEEA9003BCEC9 /* Radiohead -  Creep.mp3 */; };
		42A426132A1C3FD200884FE7 /* History.swift in Sources */ = {isa = PBXBuildFile; fileRef = 42A426122A1C3FD200884FE7 /* History.swift */; };
		42A426162A1C971B00884FE7 /* HistoryView.swift in Sources */ = {isa = PBXBuildFile; fileRef = 42A426152A1C971B00884FE7 /* HistoryView.swift */; };
		42A4261D2A204B2F00884FE7 /* SwiftUICharts in Frameworks */ = {isa = PBXBuildFile; productRef = 42A4261C2A204B2F00884FE7 /* SwiftUICharts */; };
/* End PBXBuildFile section */

/* Begin PBXContainerItemProxy section */
		0474BDE02A0A660B00D9A3FE /* PBXContainerItemProxy */ = {
			isa = PBXContainerItemProxy;
			containerPortal = 0474BDC72A0A660900D9A3FE /* Project object */;
			proxyType = 1;
			remoteGlobalIDString = 0474BDCE2A0A660900D9A3FE;
			remoteInfo = BuzzPop_ALP;
		};
		0474BDEA2A0A660B00D9A3FE /* PBXContainerItemProxy */ = {
			isa = PBXContainerItemProxy;
			containerPortal = 0474BDC72A0A660900D9A3FE /* Project object */;
			proxyType = 1;
			remoteGlobalIDString = 0474BDCE2A0A660900D9A3FE;
			remoteInfo = BuzzPop_ALP;
		};
/* End PBXContainerItemProxy section */

/* Begin PBXFileReference section */
		0418401B2A0DC7E3005A02F7 /* ProfileView.swift */ = {isa = PBXFileReference; fileEncoding = 4; lastKnownFileType = sourcecode.swift; path = ProfileView.swift; sourceTree = "<group>"; };
		0418401C2A0DC7E3005A02F7 /* ProfileEditor.swift */ = {isa = PBXFileReference; fileEncoding = 4; lastKnownFileType = sourcecode.swift; path = ProfileEditor.swift; sourceTree = "<group>"; };
		0418401D2A0DC7E3005A02F7 /* ProfileHost.swift */ = {isa = PBXFileReference; fileEncoding = 4; lastKnownFileType = sourcecode.swift; path = ProfileHost.swift; sourceTree = "<group>"; };
		041840212A0DDF54005A02F7 /* BuzzPop-ALP-Info.plist */ = {isa = PBXFileReference; lastKnownFileType = text.plist; path = "BuzzPop-ALP-Info.plist"; sourceTree = SOURCE_ROOT; };
		042916362A1FAFAD003E00A0 /* BuzzPopMac.app */ = {isa = PBXFileReference; explicitFileType = wrapper.application; includeInIndex = 0; path = BuzzPopMac.app; sourceTree = BUILT_PRODUCTS_DIR; };
		042916382A1FAFAD003E00A0 /* BuzzPopMacApp.swift */ = {isa = PBXFileReference; lastKnownFileType = sourcecode.swift; path = BuzzPopMacApp.swift; sourceTree = "<group>"; };
		0429163A2A1FAFAD003E00A0 /* ContentView.swift */ = {isa = PBXFileReference; lastKnownFileType = sourcecode.swift; path = ContentView.swift; sourceTree = "<group>"; };
		0429163C2A1FAFAF003E00A0 /* Assets.xcassets */ = {isa = PBXFileReference; lastKnownFileType = folder.assetcatalog; path = Assets.xcassets; sourceTree = "<group>"; };
		0429163F2A1FAFAF003E00A0 /* Preview Assets.xcassets */ = {isa = PBXFileReference; lastKnownFileType = folder.assetcatalog; path = "Preview Assets.xcassets"; sourceTree = "<group>"; };
		042916412A1FAFAF003E00A0 /* BuzzPopMac.entitlements */ = {isa = PBXFileReference; lastKnownFileType = text.plist.entitlements; path = BuzzPopMac.entitlements; sourceTree = "<group>"; };
		0429164E2A1FC922003E00A0 /* ProfileView.swift */ = {isa = PBXFileReference; lastKnownFileType = sourcecode.swift; path = ProfileView.swift; sourceTree = "<group>"; };
		0462879D2A1626FC005EBDB1 /* Franz Ferdinand - This Fire.mp3 */ = {isa = PBXFileReference; lastKnownFileType = audio.mp3; path = "Franz Ferdinand - This Fire.mp3"; sourceTree = "<group>"; };
		046287A02A1627AB005EBDB1 /* Joji.mp3 */ = {isa = PBXFileReference; lastKnownFileType = audio.mp3; path = Joji.mp3; sourceTree = "<group>"; };
		046287A22A1627B6005EBDB1 /* Tame Impala - The Less I Know The Better.mp3 */ = {isa = PBXFileReference; lastKnownFileType = audio.mp3; path = "Tame Impala - The Less I Know The Better.mp3"; sourceTree = "<group>"; };
		0474BDCF2A0A660900D9A3FE /* BuzzPop_ALP.app */ = {isa = PBXFileReference; explicitFileType = wrapper.application; includeInIndex = 0; path = BuzzPop_ALP.app; sourceTree = BUILT_PRODUCTS_DIR; };
		0474BDD22A0A660900D9A3FE /* BuzzPop_ALPApp.swift */ = {isa = PBXFileReference; lastKnownFileType = sourcecode.swift; path = BuzzPop_ALPApp.swift; sourceTree = "<group>"; };
		0474BDD42A0A660900D9A3FE /* ContentView.swift */ = {isa = PBXFileReference; lastKnownFileType = sourcecode.swift; path = ContentView.swift; sourceTree = "<group>"; };
		0474BDD62A0A660B00D9A3FE /* Assets.xcassets */ = {isa = PBXFileReference; lastKnownFileType = folder.assetcatalog; path = Assets.xcassets; sourceTree = "<group>"; };
		0474BDD92A0A660B00D9A3FE /* Preview Assets.xcassets */ = {isa = PBXFileReference; lastKnownFileType = folder.assetcatalog; path = "Preview Assets.xcassets"; sourceTree = "<group>"; };
		0474BDDF2A0A660B00D9A3FE /* BuzzPop_ALPTests.xctest */ = {isa = PBXFileReference; explicitFileType = wrapper.cfbundle; includeInIndex = 0; path = BuzzPop_ALPTests.xctest; sourceTree = BUILT_PRODUCTS_DIR; };
		0474BDE32A0A660B00D9A3FE /* BuzzPop_ALPTests.swift */ = {isa = PBXFileReference; lastKnownFileType = sourcecode.swift; path = BuzzPop_ALPTests.swift; sourceTree = "<group>"; };
		0474BDE92A0A660B00D9A3FE /* BuzzPop_ALPUITests.xctest */ = {isa = PBXFileReference; explicitFileType = wrapper.cfbundle; includeInIndex = 0; path = BuzzPop_ALPUITests.xctest; sourceTree = BUILT_PRODUCTS_DIR; };
		0474BDED2A0A660B00D9A3FE /* BuzzPop_ALPUITests.swift */ = {isa = PBXFileReference; lastKnownFileType = sourcecode.swift; path = BuzzPop_ALPUITests.swift; sourceTree = "<group>"; };
		0474BDEF2A0A660B00D9A3FE /* BuzzPop_ALPUITestsLaunchTests.swift */ = {isa = PBXFileReference; lastKnownFileType = sourcecode.swift; path = BuzzPop_ALPUITestsLaunchTests.swift; sourceTree = "<group>"; };
		0474BDFD2A0A6C8000D9A3FE /* Music.swift */ = {isa = PBXFileReference; lastKnownFileType = sourcecode.swift; path = Music.swift; sourceTree = "<group>"; };
		0474BDFF2A0A6C8A00D9A3FE /* User.swift */ = {isa = PBXFileReference; lastKnownFileType = sourcecode.swift; path = User.swift; sourceTree = "<group>"; };
		0474BE012A0A6C9F00D9A3FE /* Game.swift */ = {isa = PBXFileReference; lastKnownFileType = sourcecode.swift; path = Game.swift; sourceTree = "<group>"; };
		0474BE0A2A0A726700D9A3FE /* GameView.swift */ = {isa = PBXFileReference; lastKnownFileType = sourcecode.swift; path = GameView.swift; sourceTree = "<group>"; };
		0474BE102A0A804C00D9A3FE /* MainGameView.swift */ = {isa = PBXFileReference; lastKnownFileType = sourcecode.swift; path = MainGameView.swift; sourceTree = "<group>"; };
		0474BE122A0A805B00D9A3FE /* GameControlView.swift */ = {isa = PBXFileReference; lastKnownFileType = sourcecode.swift; path = GameControlView.swift; sourceTree = "<group>"; };
		04F8A5392A1F0AF600ED8E50 /* YOASOBI - Racing Into The Night.mp3 */ = {isa = PBXFileReference; lastKnownFileType = audio.mp3; path = "YOASOBI - Racing Into The Night.mp3"; sourceTree = "<group>"; };
		04F8A53B2A1F0B1500ED8E50 /* ZICO - Any Song.mp3 */ = {isa = PBXFileReference; lastKnownFileType = audio.mp3; path = "ZICO - Any Song.mp3"; sourceTree = "<group>"; };
		04F8A5572A28452E00ED8E50 /* MacGameView.swift */ = {isa = PBXFileReference; lastKnownFileType = sourcecode.swift; path = MacGameView.swift; sourceTree = "<group>"; };
		04F8A5612A28554D00ED8E50 /* MacTopGameView.swift */ = {isa = PBXFileReference; lastKnownFileType = sourcecode.swift; path = MacTopGameView.swift; sourceTree = "<group>"; };
		04F8A5632A2855AD00ED8E50 /* MacGameControlView.swift */ = {isa = PBXFileReference; lastKnownFileType = sourcecode.swift; path = MacGameControlView.swift; sourceTree = "<group>"; };
		04F8A5652A2C510E00ED8E50 /* Smash Mouth - All Star.mp3 */ = {isa = PBXFileReference; lastKnownFileType = audio.mp3; path = "Smash Mouth - All Star.mp3"; sourceTree = "<group>"; };
		04F8A5682A2C513500ED8E50 /* Rick Astley - Never Gonna Give You Up.mp3 */ = {isa = PBXFileReference; lastKnownFileType = audio.mp3; path = "Rick Astley - Never Gonna Give You Up.mp3"; sourceTree = "<group>"; };
		04F8A56B2A2C514600ED8E50 /* George Michael - Careless Whisper.mp3 */ = {isa = PBXFileReference; lastKnownFileType = audio.mp3; path = "George Michael - Careless Whisper.mp3"; sourceTree = "<group>"; };
		04F8A56E2A2C517B00ED8E50 /* Doja Cat - Kiss Me More.mp3 */ = {isa = PBXFileReference; lastKnownFileType = audio.mp3; path = "Doja Cat - Kiss Me More.mp3"; sourceTree = "<group>"; };
		04F8A5712A2C519400ED8E50 /* Doja Cat - Say So.mp3 */ = {isa = PBXFileReference; lastKnownFileType = audio.mp3; path = "Doja Cat - Say So.mp3"; sourceTree = "<group>"; };
		04F8A5742A2C51C000ED8E50 /* Hers - Harvey.mp3 */ = {isa = PBXFileReference; lastKnownFileType = audio.mp3; path = "Hers - Harvey.mp3"; sourceTree = "<group>"; };
		04F8A5772A2C51D400ED8E50 /* Labrinth - Jealous.mp3 */ = {isa = PBXFileReference; lastKnownFileType = audio.mp3; path = "Labrinth - Jealous.mp3"; sourceTree = "<group>"; };
		04F8A57A2A2C51EA00ED8E50 /* Coldplay - The Scientist.mp3 */ = {isa = PBXFileReference; lastKnownFileType = audio.mp3; path = "Coldplay - The Scientist.mp3"; sourceTree = "<group>"; };
		04F8A57D2A2C51FB00ED8E50 /* PinkPantheress Ice Spice - Boys a liar Pt 2.mp3 */ = {isa = PBXFileReference; lastKnownFileType = audio.mp3; path = "PinkPantheress Ice Spice - Boys a liar Pt 2.mp3"; sourceTree = "<group>"; };
		42A41D2E2A2DEEA9003BCEC9 /* Joseph Vincent - Cant Take My Eyes Off You Lyrics.mp3 */ = {isa = PBXFileReference; lastKnownFileType = audio.mp3; path = "Joseph Vincent - Cant Take My Eyes Off You Lyrics.mp3"; sourceTree = "<group>"; };
		42A41D2F2A2DEEA9003BCEC9 /* Radiohead -  Creep.mp3 */ = {isa = PBXFileReference; lastKnownFileType = audio.mp3; path = "Radiohead -  Creep.mp3"; sourceTree = "<group>"; };
		42A426122A1C3FD200884FE7 /* History.swift */ = {isa = PBXFileReference; lastKnownFileType = sourcecode.swift; path = History.swift; sourceTree = "<group>"; };
		42A426152A1C971B00884FE7 /* HistoryView.swift */ = {isa = PBXFileReference; lastKnownFileType = sourcecode.swift; path = HistoryView.swift; sourceTree = "<group>"; };
/* End PBXFileReference section */

/* Begin PBXFrameworksBuildPhase section */
		042916332A1FAFAD003E00A0 /* Frameworks */ = {
			isa = PBXFrameworksBuildPhase;
			buildActionMask = 2147483647;
			files = (
			);
			runOnlyForDeploymentPostprocessing = 0;
		};
		0474BDCC2A0A660900D9A3FE /* Frameworks */ = {
			isa = PBXFrameworksBuildPhase;
			buildActionMask = 2147483647;
			files = (
				42A4261D2A204B2F00884FE7 /* SwiftUICharts in Frameworks */,
			);
			runOnlyForDeploymentPostprocessing = 0;
		};
		0474BDDC2A0A660B00D9A3FE /* Frameworks */ = {
			isa = PBXFrameworksBuildPhase;
			buildActionMask = 2147483647;
			files = (
			);
			runOnlyForDeploymentPostprocessing = 0;
		};
		0474BDE62A0A660B00D9A3FE /* Frameworks */ = {
			isa = PBXFrameworksBuildPhase;
			buildActionMask = 2147483647;
			files = (
			);
			runOnlyForDeploymentPostprocessing = 0;
		};
/* End PBXFrameworksBuildPhase section */

/* Begin PBXGroup section */
		0418401A2A0DC7E3005A02F7 /* Profiles */ = {
			isa = PBXGroup;
			children = (
				0418401B2A0DC7E3005A02F7 /* ProfileView.swift */,
				0418401C2A0DC7E3005A02F7 /* ProfileEditor.swift */,
				0418401D2A0DC7E3005A02F7 /* ProfileHost.swift */,
			);
			path = Profiles;
			sourceTree = "<group>";
		};
		042916372A1FAFAD003E00A0 /* BuzzPopMac */ = {
			isa = PBXGroup;
			children = (
				04F8A5562A28451300ED8E50 /* MacGame */,
				042916382A1FAFAD003E00A0 /* BuzzPopMacApp.swift */,
				0429163A2A1FAFAD003E00A0 /* ContentView.swift */,
				0429164D2A1FC910003E00A0 /* View */,
				0429163C2A1FAFAF003E00A0 /* Assets.xcassets */,
				042916412A1FAFAF003E00A0 /* BuzzPopMac.entitlements */,
				0429163E2A1FAFAF003E00A0 /* Preview Content */,
			);
			path = BuzzPopMac;
			sourceTree = "<group>";
		};
		0429163E2A1FAFAF003E00A0 /* Preview Content */ = {
			isa = PBXGroup;
			children = (
				0429163F2A1FAFAF003E00A0 /* Preview Assets.xcassets */,
			);
			path = "Preview Content";
			sourceTree = "<group>";
		};
		0429164D2A1FC910003E00A0 /* View */ = {
			isa = PBXGroup;
			children = (
				0429164E2A1FC922003E00A0 /* ProfileView.swift */,
			);
			path = View;
			sourceTree = "<group>";
		};
		0462879F2A16270E005EBDB1 /* MusicFiles */ = {
			isa = PBXGroup;
			children = (
				04F8A53B2A1F0B1500ED8E50 /* ZICO - Any Song.mp3 */,
				04F8A56E2A2C517B00ED8E50 /* Doja Cat - Kiss Me More.mp3 */,
				04F8A56B2A2C514600ED8E50 /* George Michael - Careless Whisper.mp3 */,
				04F8A5742A2C51C000ED8E50 /* Hers - Harvey.mp3 */,
				42A41D2E2A2DEEA9003BCEC9 /* Joseph Vincent - Cant Take My Eyes Off You Lyrics.mp3 */,
				42A41D2F2A2DEEA9003BCEC9 /* Radiohead -  Creep.mp3 */,
				04F8A5772A2C51D400ED8E50 /* Labrinth - Jealous.mp3 */,
				04F8A5682A2C513500ED8E50 /* Rick Astley - Never Gonna Give You Up.mp3 */,
				04F8A57A2A2C51EA00ED8E50 /* Coldplay - The Scientist.mp3 */,
				04F8A5392A1F0AF600ED8E50 /* YOASOBI - Racing Into The Night.mp3 */,
				04F8A5652A2C510E00ED8E50 /* Smash Mouth - All Star.mp3 */,
				04F8A57D2A2C51FB00ED8E50 /* PinkPantheress Ice Spice - Boys a liar Pt 2.mp3 */,
				0462879D2A1626FC005EBDB1 /* Franz Ferdinand - This Fire.mp3 */,
				04F8A5712A2C519400ED8E50 /* Doja Cat - Say So.mp3 */,
				046287A02A1627AB005EBDB1 /* Joji.mp3 */,
				046287A22A1627B6005EBDB1 /* Tame Impala - The Less I Know The Better.mp3 */,
			);
			path = MusicFiles;
			sourceTree = "<group>";
		};
		0474BDC62A0A660900D9A3FE = {
			isa = PBXGroup;
			children = (
				0474BDD12A0A660900D9A3FE /* BuzzPop_ALP */,
				0474BDE22A0A660B00D9A3FE /* BuzzPop_ALPTests */,
				0474BDEC2A0A660B00D9A3FE /* BuzzPop_ALPUITests */,
				042916372A1FAFAD003E00A0 /* BuzzPopMac */,
				0474BDD02A0A660900D9A3FE /* Products */,
			);
			sourceTree = "<group>";
		};
		0474BDD02A0A660900D9A3FE /* Products */ = {
			isa = PBXGroup;
			children = (
				0474BDCF2A0A660900D9A3FE /* BuzzPop_ALP.app */,
				0474BDDF2A0A660B00D9A3FE /* BuzzPop_ALPTests.xctest */,
				0474BDE92A0A660B00D9A3FE /* BuzzPop_ALPUITests.xctest */,
				042916362A1FAFAD003E00A0 /* BuzzPopMac.app */,
			);
			name = Products;
			sourceTree = "<group>";
		};
		0474BDD12A0A660900D9A3FE /* BuzzPop_ALP */ = {
			isa = PBXGroup;
			children = (
				041840212A0DDF54005A02F7 /* BuzzPop-ALP-Info.plist */,
				0462879F2A16270E005EBDB1 /* MusicFiles */,
				0474BDFC2A0A69C300D9A3FE /* Model */,
				0474BE062A0A722400D9A3FE /* View */,
				0474BDD22A0A660900D9A3FE /* BuzzPop_ALPApp.swift */,
				0474BDD42A0A660900D9A3FE /* ContentView.swift */,
				0474BDD62A0A660B00D9A3FE /* Assets.xcassets */,
				0474BDD82A0A660B00D9A3FE /* Preview Content */,
			);
			path = BuzzPop_ALP;
			sourceTree = "<group>";
		};
		0474BDD82A0A660B00D9A3FE /* Preview Content */ = {
			isa = PBXGroup;
			children = (
				0474BDD92A0A660B00D9A3FE /* Preview Assets.xcassets */,
			);
			path = "Preview Content";
			sourceTree = "<group>";
		};
		0474BDE22A0A660B00D9A3FE /* BuzzPop_ALPTests */ = {
			isa = PBXGroup;
			children = (
				0474BDE32A0A660B00D9A3FE /* BuzzPop_ALPTests.swift */,
			);
			path = BuzzPop_ALPTests;
			sourceTree = "<group>";
		};
		0474BDEC2A0A660B00D9A3FE /* BuzzPop_ALPUITests */ = {
			isa = PBXGroup;
			children = (
				0474BDED2A0A660B00D9A3FE /* BuzzPop_ALPUITests.swift */,
				0474BDEF2A0A660B00D9A3FE /* BuzzPop_ALPUITestsLaunchTests.swift */,
			);
			path = BuzzPop_ALPUITests;
			sourceTree = "<group>";
		};
		0474BDFC2A0A69C300D9A3FE /* Model */ = {
			isa = PBXGroup;
			children = (
				0474BDFD2A0A6C8000D9A3FE /* Music.swift */,
				0474BDFF2A0A6C8A00D9A3FE /* User.swift */,
				0474BE012A0A6C9F00D9A3FE /* Game.swift */,
				42A426122A1C3FD200884FE7 /* History.swift */,
			);
			path = Model;
			sourceTree = "<group>";
		};
		0474BE062A0A722400D9A3FE /* View */ = {
			isa = PBXGroup;
			children = (
				42A426142A1C402D00884FE7 /* History */,
				0418401A2A0DC7E3005A02F7 /* Profiles */,
				0474BE092A0A724C00D9A3FE /* Game */,
			);
			path = View;
			sourceTree = "<group>";
		};
		0474BE092A0A724C00D9A3FE /* Game */ = {
			isa = PBXGroup;
			children = (
				0474BE0A2A0A726700D9A3FE /* GameView.swift */,
				0474BE102A0A804C00D9A3FE /* MainGameView.swift */,
				0474BE122A0A805B00D9A3FE /* GameControlView.swift */,
			);
			path = Game;
			sourceTree = "<group>";
		};
		04F8A5562A28451300ED8E50 /* MacGame */ = {
			isa = PBXGroup;
			children = (
				04F8A5572A28452E00ED8E50 /* MacGameView.swift */,
				04F8A5612A28554D00ED8E50 /* MacTopGameView.swift */,
				04F8A5632A2855AD00ED8E50 /* MacGameControlView.swift */,
			);
			path = MacGame;
			sourceTree = "<group>";
		};
		42A426142A1C402D00884FE7 /* History */ = {
			isa = PBXGroup;
			children = (
				42A426152A1C971B00884FE7 /* HistoryView.swift */,
			);
			path = History;
			sourceTree = "<group>";
		};
/* End PBXGroup section */

/* Begin PBXNativeTarget section */
		042916352A1FAFAD003E00A0 /* BuzzPopMac */ = {
			isa = PBXNativeTarget;
			buildConfigurationList = 042916422A1FAFAF003E00A0 /* Build configuration list for PBXNativeTarget "BuzzPopMac" */;
			buildPhases = (
				042916322A1FAFAD003E00A0 /* Sources */,
				042916332A1FAFAD003E00A0 /* Frameworks */,
				042916342A1FAFAD003E00A0 /* Resources */,
			);
			buildRules = (
			);
			dependencies = (
			);
			name = BuzzPopMac;
			productName = BuzzPopMac;
			productReference = 042916362A1FAFAD003E00A0 /* BuzzPopMac.app */;
			productType = "com.apple.product-type.application";
		};
		0474BDCE2A0A660900D9A3FE /* BuzzPop_ALP */ = {
			isa = PBXNativeTarget;
			buildConfigurationList = 0474BDF32A0A660B00D9A3FE /* Build configuration list for PBXNativeTarget "BuzzPop_ALP" */;
			buildPhases = (
				0474BDCB2A0A660900D9A3FE /* Sources */,
				0474BDCC2A0A660900D9A3FE /* Frameworks */,
				0474BDCD2A0A660900D9A3FE /* Resources */,
			);
			buildRules = (
			);
			dependencies = (
			);
			name = BuzzPop_ALP;
			packageProductDependencies = (
				42A4261C2A204B2F00884FE7 /* SwiftUICharts */,
			);
			productName = BuzzPop_ALP;
			productReference = 0474BDCF2A0A660900D9A3FE /* BuzzPop_ALP.app */;
			productType = "com.apple.product-type.application";
		};
		0474BDDE2A0A660B00D9A3FE /* BuzzPop_ALPTests */ = {
			isa = PBXNativeTarget;
			buildConfigurationList = 0474BDF62A0A660B00D9A3FE /* Build configuration list for PBXNativeTarget "BuzzPop_ALPTests" */;
			buildPhases = (
				0474BDDB2A0A660B00D9A3FE /* Sources */,
				0474BDDC2A0A660B00D9A3FE /* Frameworks */,
				0474BDDD2A0A660B00D9A3FE /* Resources */,
			);
			buildRules = (
			);
			dependencies = (
				0474BDE12A0A660B00D9A3FE /* PBXTargetDependency */,
			);
			name = BuzzPop_ALPTests;
			productName = BuzzPop_ALPTests;
			productReference = 0474BDDF2A0A660B00D9A3FE /* BuzzPop_ALPTests.xctest */;
			productType = "com.apple.product-type.bundle.unit-test";
		};
		0474BDE82A0A660B00D9A3FE /* BuzzPop_ALPUITests */ = {
			isa = PBXNativeTarget;
			buildConfigurationList = 0474BDF92A0A660B00D9A3FE /* Build configuration list for PBXNativeTarget "BuzzPop_ALPUITests" */;
			buildPhases = (
				0474BDE52A0A660B00D9A3FE /* Sources */,
				0474BDE62A0A660B00D9A3FE /* Frameworks */,
				0474BDE72A0A660B00D9A3FE /* Resources */,
			);
			buildRules = (
			);
			dependencies = (
				0474BDEB2A0A660B00D9A3FE /* PBXTargetDependency */,
			);
			name = BuzzPop_ALPUITests;
			productName = BuzzPop_ALPUITests;
			productReference = 0474BDE92A0A660B00D9A3FE /* BuzzPop_ALPUITests.xctest */;
			productType = "com.apple.product-type.bundle.ui-testing";
		};
/* End PBXNativeTarget section */

/* Begin PBXProject section */
		0474BDC72A0A660900D9A3FE /* Project object */ = {
			isa = PBXProject;
			attributes = {
				BuildIndependentTargetsInParallel = 1;
				LastSwiftUpdateCheck = 1420;
				LastUpgradeCheck = 1430;
				TargetAttributes = {
					042916352A1FAFAD003E00A0 = {
						CreatedOnToolsVersion = 14.2;
					};
					0474BDCE2A0A660900D9A3FE = {
						CreatedOnToolsVersion = 14.2;
					};
					0474BDDE2A0A660B00D9A3FE = {
						CreatedOnToolsVersion = 14.2;
						TestTargetID = 0474BDCE2A0A660900D9A3FE;
					};
					0474BDE82A0A660B00D9A3FE = {
						CreatedOnToolsVersion = 14.2;
						TestTargetID = 0474BDCE2A0A660900D9A3FE;
					};
				};
			};
			buildConfigurationList = 0474BDCA2A0A660900D9A3FE /* Build configuration list for PBXProject "BuzzPop_ALP" */;
			compatibilityVersion = "Xcode 14.0";
			developmentRegion = en;
			hasScannedForEncodings = 0;
			knownRegions = (
				en,
				Base,
			);
			mainGroup = 0474BDC62A0A660900D9A3FE;
			packageReferences = (
				42A4261B2A204B2F00884FE7 /* XCRemoteSwiftPackageReference "ChartView" */,
			);
			productRefGroup = 0474BDD02A0A660900D9A3FE /* Products */;
			projectDirPath = "";
			projectRoot = "";
			targets = (
				0474BDCE2A0A660900D9A3FE /* BuzzPop_ALP */,
				0474BDDE2A0A660B00D9A3FE /* BuzzPop_ALPTests */,
				0474BDE82A0A660B00D9A3FE /* BuzzPop_ALPUITests */,
				042916352A1FAFAD003E00A0 /* BuzzPopMac */,
			);
		};
/* End PBXProject section */

/* Begin PBXResourcesBuildPhase section */
		042916342A1FAFAD003E00A0 /* Resources */ = {
			isa = PBXResourcesBuildPhase;
			buildActionMask = 2147483647;
			files = (
				042916402A1FAFAF003E00A0 /* Preview Assets.xcassets in Resources */,
				04F8A5672A2C510E00ED8E50 /* Smash Mouth - All Star.mp3 in Resources */,
				04F8A5602A28546A00ED8E50 /* Tame Impala - The Less I Know The Better.mp3 in Resources */,
				04F8A5792A2C51D400ED8E50 /* Labrinth - Jealous.mp3 in Resources */,
				04F8A57C2A2C51EA00ED8E50 /* Coldplay - The Scientist.mp3 in Resources */,
				04F8A56D2A2C514600ED8E50 /* George Michael - Careless Whisper.mp3 in Resources */,
				042916452A1FB830003E00A0 /* Assets.xcassets in Resources */,
				04F8A55C2A28545F00ED8E50 /* ZICO - Any Song.mp3 in Resources */,
				04F8A57F2A2C51FB00ED8E50 /* PinkPantheress Ice Spice - Boys a liar Pt 2.mp3 in Resources */,
				04F8A5732A2C519400ED8E50 /* Doja Cat - Say So.mp3 in Resources */,
				04F8A5702A2C517B00ED8E50 /* Doja Cat - Kiss Me More.mp3 in Resources */,
				04F8A5762A2C51C000ED8E50 /* Hers - Harvey.mp3 in Resources */,
				42A41D332A2DEEAA003BCEC9 /* Radiohead -  Creep.mp3 in Resources */,
				04F8A55D2A28546300ED8E50 /* YOASOBI - Racing Into The Night.mp3 in Resources */,
				04F8A56A2A2C513500ED8E50 /* Rick Astley - Never Gonna Give You Up.mp3 in Resources */,
				04F8A55E2A28546500ED8E50 /* Franz Ferdinand - This Fire.mp3 in Resources */,
				0429163D2A1FAFAF003E00A0 /* Assets.xcassets in Resources */,
				04F8A55F2A28546800ED8E50 /* Joji.mp3 in Resources */,
				42A41D312A2DEEAA003BCEC9 /* Joseph Vincent - Cant Take My Eyes Off You Lyrics.mp3 in Resources */,
			);
			runOnlyForDeploymentPostprocessing = 0;
		};
		0474BDCD2A0A660900D9A3FE /* Resources */ = {
			isa = PBXResourcesBuildPhase;
			buildActionMask = 2147483647;
			files = (
				04F8A53A2A1F0AF600ED8E50 /* YOASOBI - Racing Into The Night.mp3 in Resources */,
				42A41D322A2DEEAA003BCEC9 /* Radiohead -  Creep.mp3 in Resources */,
				0462879E2A1626FC005EBDB1 /* Franz Ferdinand - This Fire.mp3 in Resources */,
				04F8A5662A2C510E00ED8E50 /* Smash Mouth - All Star.mp3 in Resources */,
				42A41D302A2DEEA9003BCEC9 /* Joseph Vincent - Cant Take My Eyes Off You Lyrics.mp3 in Resources */,
				04F8A5722A2C519400ED8E50 /* Doja Cat - Say So.mp3 in Resources */,
				04F8A5752A2C51C000ED8E50 /* Hers - Harvey.mp3 in Resources */,
				04F8A56C2A2C514600ED8E50 /* George Michael - Careless Whisper.mp3 in Resources */,
				04F8A5692A2C513500ED8E50 /* Rick Astley - Never Gonna Give You Up.mp3 in Resources */,
				04F8A57B2A2C51EA00ED8E50 /* Coldplay - The Scientist.mp3 in Resources */,
				04F8A57E2A2C51FB00ED8E50 /* PinkPantheress Ice Spice - Boys a liar Pt 2.mp3 in Resources */,
				04F8A53C2A1F0B1600ED8E50 /* ZICO - Any Song.mp3 in Resources */,
				046287A32A1627B6005EBDB1 /* Tame Impala - The Less I Know The Better.mp3 in Resources */,
				0474BDDA2A0A660B00D9A3FE /* Preview Assets.xcassets in Resources */,
				04F8A5782A2C51D400ED8E50 /* Labrinth - Jealous.mp3 in Resources */,
				0474BDD72A0A660B00D9A3FE /* Assets.xcassets in Resources */,
				04F8A56F2A2C517B00ED8E50 /* Doja Cat - Kiss Me More.mp3 in Resources */,
				046287A12A1627AB005EBDB1 /* Joji.mp3 in Resources */,
			);
			runOnlyForDeploymentPostprocessing = 0;
		};
		0474BDDD2A0A660B00D9A3FE /* Resources */ = {
			isa = PBXResourcesBuildPhase;
			buildActionMask = 2147483647;
			files = (
			);
			runOnlyForDeploymentPostprocessing = 0;
		};
		0474BDE72A0A660B00D9A3FE /* Resources */ = {
			isa = PBXResourcesBuildPhase;
			buildActionMask = 2147483647;
			files = (
			);
			runOnlyForDeploymentPostprocessing = 0;
		};
/* End PBXResourcesBuildPhase section */

/* Begin PBXSourcesBuildPhase section */
		042916322A1FAFAD003E00A0 /* Sources */ = {
			isa = PBXSourcesBuildPhase;
			buildActionMask = 2147483647;
			files = (
				04F8A5642A2855AD00ED8E50 /* MacGameControlView.swift in Sources */,
				0429164C2A1FBA3B003E00A0 /* History.swift in Sources */,
				0429163B2A1FAFAD003E00A0 /* ContentView.swift in Sources */,
				04F8A5582A28452E00ED8E50 /* MacGameView.swift in Sources */,
				0429164F2A1FC922003E00A0 /* ProfileView.swift in Sources */,
				04F8A5622A28554D00ED8E50 /* MacTopGameView.swift in Sources */,
				04F8A5592A2845AA00ED8E50 /* GameView.swift in Sources */,
				042916392A1FAFAD003E00A0 /* BuzzPopMacApp.swift in Sources */,
				0429164A2A1FBA3B003E00A0 /* Game.swift in Sources */,
				0429164B2A1FBA3B003E00A0 /* User.swift in Sources */,
				042916492A1FBA3B003E00A0 /* Music.swift in Sources */,
				04F8A55B2A2845B400ED8E50 /* GameControlView.swift in Sources */,
				04F8A55A2A2845B000ED8E50 /* MainGameView.swift in Sources */,
			);
			runOnlyForDeploymentPostprocessing = 0;
		};
		0474BDCB2A0A660900D9A3FE /* Sources */ = {
			isa = PBXSourcesBuildPhase;
			buildActionMask = 2147483647;
			files = (
				42A426132A1C3FD200884FE7 /* History.swift in Sources */,
				0474BE112A0A804C00D9A3FE /* MainGameView.swift in Sources */,
				0418401F2A0DC7E3005A02F7 /* ProfileEditor.swift in Sources */,
				0474BE002A0A6C8A00D9A3FE /* User.swift in Sources */,
				041840202A0DC7E3005A02F7 /* ProfileHost.swift in Sources */,
				0474BE022A0A6C9F00D9A3FE /* Game.swift in Sources */,
				0474BDD52A0A660900D9A3FE /* ContentView.swift in Sources */,
				0474BDD32A0A660900D9A3FE /* BuzzPop_ALPApp.swift in Sources */,
				0474BDFE2A0A6C8000D9A3FE /* Music.swift in Sources */,
				0474BE132A0A805B00D9A3FE /* GameControlView.swift in Sources */,
				0474BE0B2A0A726700D9A3FE /* GameView.swift in Sources */,
				42A426162A1C971B00884FE7 /* HistoryView.swift in Sources */,
				0418401E2A0DC7E3005A02F7 /* ProfileView.swift in Sources */,
			);
			runOnlyForDeploymentPostprocessing = 0;
		};
		0474BDDB2A0A660B00D9A3FE /* Sources */ = {
			isa = PBXSourcesBuildPhase;
			buildActionMask = 2147483647;
			files = (
				0474BDE42A0A660B00D9A3FE /* BuzzPop_ALPTests.swift in Sources */,
			);
			runOnlyForDeploymentPostprocessing = 0;
		};
		0474BDE52A0A660B00D9A3FE /* Sources */ = {
			isa = PBXSourcesBuildPhase;
			buildActionMask = 2147483647;
			files = (
				0474BDEE2A0A660B00D9A3FE /* BuzzPop_ALPUITests.swift in Sources */,
				0474BDF02A0A660B00D9A3FE /* BuzzPop_ALPUITestsLaunchTests.swift in Sources */,
			);
			runOnlyForDeploymentPostprocessing = 0;
		};
/* End PBXSourcesBuildPhase section */

/* Begin PBXTargetDependency section */
		0474BDE12A0A660B00D9A3FE /* PBXTargetDependency */ = {
			isa = PBXTargetDependency;
			target = 0474BDCE2A0A660900D9A3FE /* BuzzPop_ALP */;
			targetProxy = 0474BDE02A0A660B00D9A3FE /* PBXContainerItemProxy */;
		};
		0474BDEB2A0A660B00D9A3FE /* PBXTargetDependency */ = {
			isa = PBXTargetDependency;
			target = 0474BDCE2A0A660900D9A3FE /* BuzzPop_ALP */;
			targetProxy = 0474BDEA2A0A660B00D9A3FE /* PBXContainerItemProxy */;
		};
/* End PBXTargetDependency section */

/* Begin XCBuildConfiguration section */
		042916432A1FAFAF003E00A0 /* Debug */ = {
			isa = XCBuildConfiguration;
			buildSettings = {
				ASSETCATALOG_COMPILER_APPICON_NAME = AppIcon;
				ASSETCATALOG_COMPILER_GLOBAL_ACCENT_COLOR_NAME = AccentColor;
				CODE_SIGN_ENTITLEMENTS = BuzzPopMac/BuzzPopMac.entitlements;
				"CODE_SIGN_IDENTITY[sdk=macosx*]" = "-";
				CODE_SIGN_STYLE = Manual;
				COMBINE_HIDPI_IMAGES = YES;
				CURRENT_PROJECT_VERSION = 1;
				DEAD_CODE_STRIPPING = YES;
				DEVELOPMENT_ASSET_PATHS = "\"BuzzPopMac/Preview Content\"";
				DEVELOPMENT_TEAM = "";
				ENABLE_HARDENED_RUNTIME = YES;
				ENABLE_PREVIEWS = YES;
				GENERATE_INFOPLIST_FILE = YES;
				INFOPLIST_KEY_NSHumanReadableCopyright = "";
				LD_RUNPATH_SEARCH_PATHS = (
					"$(inherited)",
					"@executable_path/../Frameworks",
				);
				MACOSX_DEPLOYMENT_TARGET = 13.1;
				MARKETING_VERSION = 1.0;
				PRODUCT_BUNDLE_IDENTIFIER = Hagen.BuzzPopMac;
				PRODUCT_NAME = "$(TARGET_NAME)";
				PROVISIONING_PROFILE_SPECIFIER = "";
				SDKROOT = macosx;
				SWIFT_EMIT_LOC_STRINGS = YES;
				SWIFT_VERSION = 5.0;
			};
			name = Debug;
		};
		042916442A1FAFAF003E00A0 /* Release */ = {
			isa = XCBuildConfiguration;
			buildSettings = {
				ASSETCATALOG_COMPILER_APPICON_NAME = AppIcon;
				ASSETCATALOG_COMPILER_GLOBAL_ACCENT_COLOR_NAME = AccentColor;
				CODE_SIGN_ENTITLEMENTS = BuzzPopMac/BuzzPopMac.entitlements;
				"CODE_SIGN_IDENTITY[sdk=macosx*]" = "-";
				CODE_SIGN_STYLE = Automatic;
				COMBINE_HIDPI_IMAGES = YES;
				CURRENT_PROJECT_VERSION = 1;
				DEAD_CODE_STRIPPING = YES;
				DEVELOPMENT_ASSET_PATHS = "\"BuzzPopMac/Preview Content\"";
				DEVELOPMENT_TEAM = 5CUBJYX37F;
				ENABLE_HARDENED_RUNTIME = YES;
				ENABLE_PREVIEWS = YES;
				GENERATE_INFOPLIST_FILE = YES;
				INFOPLIST_KEY_NSHumanReadableCopyright = "";
				LD_RUNPATH_SEARCH_PATHS = (
					"$(inherited)",
					"@executable_path/../Frameworks",
				);
				MACOSX_DEPLOYMENT_TARGET = 13.1;
				MARKETING_VERSION = 1.0;
				PRODUCT_BUNDLE_IDENTIFIER = Hagen.BuzzPopMac;
				PRODUCT_NAME = "$(TARGET_NAME)";
				SDKROOT = macosx;
				SWIFT_EMIT_LOC_STRINGS = YES;
				SWIFT_VERSION = 5.0;
			};
			name = Release;
		};
		0474BDF12A0A660B00D9A3FE /* Debug */ = {
			isa = XCBuildConfiguration;
			buildSettings = {
				ALWAYS_SEARCH_USER_PATHS = NO;
				CLANG_ANALYZER_NONNULL = YES;
				CLANG_ANALYZER_NUMBER_OBJECT_CONVERSION = YES_AGGRESSIVE;
				CLANG_CXX_LANGUAGE_STANDARD = "gnu++20";
				CLANG_ENABLE_MODULES = YES;
				CLANG_ENABLE_OBJC_ARC = YES;
				CLANG_ENABLE_OBJC_WEAK = YES;
				CLANG_WARN_BLOCK_CAPTURE_AUTORELEASING = YES;
				CLANG_WARN_BOOL_CONVERSION = YES;
				CLANG_WARN_COMMA = YES;
				CLANG_WARN_CONSTANT_CONVERSION = YES;
				CLANG_WARN_DEPRECATED_OBJC_IMPLEMENTATIONS = YES;
				CLANG_WARN_DIRECT_OBJC_ISA_USAGE = YES_ERROR;
				CLANG_WARN_DOCUMENTATION_COMMENTS = YES;
				CLANG_WARN_EMPTY_BODY = YES;
				CLANG_WARN_ENUM_CONVERSION = YES;
				CLANG_WARN_INFINITE_RECURSION = YES;
				CLANG_WARN_INT_CONVERSION = YES;
				CLANG_WARN_NON_LITERAL_NULL_CONVERSION = YES;
				CLANG_WARN_OBJC_IMPLICIT_RETAIN_SELF = YES;
				CLANG_WARN_OBJC_LITERAL_CONVERSION = YES;
				CLANG_WARN_OBJC_ROOT_CLASS = YES_ERROR;
				CLANG_WARN_QUOTED_INCLUDE_IN_FRAMEWORK_HEADER = YES;
				CLANG_WARN_RANGE_LOOP_ANALYSIS = YES;
				CLANG_WARN_STRICT_PROTOTYPES = YES;
				CLANG_WARN_SUSPICIOUS_MOVE = YES;
				CLANG_WARN_UNGUARDED_AVAILABILITY = YES_AGGRESSIVE;
				CLANG_WARN_UNREACHABLE_CODE = YES;
				CLANG_WARN__DUPLICATE_METHOD_MATCH = YES;
				COPY_PHASE_STRIP = NO;
				DEBUG_INFORMATION_FORMAT = dwarf;
				ENABLE_STRICT_OBJC_MSGSEND = YES;
				ENABLE_TESTABILITY = YES;
				GCC_C_LANGUAGE_STANDARD = gnu11;
				GCC_DYNAMIC_NO_PIC = NO;
				GCC_NO_COMMON_BLOCKS = YES;
				GCC_OPTIMIZATION_LEVEL = 0;
				GCC_PREPROCESSOR_DEFINITIONS = (
					"DEBUG=1",
					"$(inherited)",
				);
				GCC_WARN_64_TO_32_BIT_CONVERSION = YES;
				GCC_WARN_ABOUT_RETURN_TYPE = YES_ERROR;
				GCC_WARN_UNDECLARED_SELECTOR = YES;
				GCC_WARN_UNINITIALIZED_AUTOS = YES_AGGRESSIVE;
				GCC_WARN_UNUSED_FUNCTION = YES;
				GCC_WARN_UNUSED_VARIABLE = YES;
				IPHONEOS_DEPLOYMENT_TARGET = 16.2;
				MTL_ENABLE_DEBUG_INFO = INCLUDE_SOURCE;
				MTL_FAST_MATH = YES;
				ONLY_ACTIVE_ARCH = YES;
				SDKROOT = iphoneos;
				SWIFT_ACTIVE_COMPILATION_CONDITIONS = DEBUG;
				SWIFT_OPTIMIZATION_LEVEL = "-Onone";
			};
			name = Debug;
		};
		0474BDF22A0A660B00D9A3FE /* Release */ = {
			isa = XCBuildConfiguration;
			buildSettings = {
				ALWAYS_SEARCH_USER_PATHS = NO;
				CLANG_ANALYZER_NONNULL = YES;
				CLANG_ANALYZER_NUMBER_OBJECT_CONVERSION = YES_AGGRESSIVE;
				CLANG_CXX_LANGUAGE_STANDARD = "gnu++20";
				CLANG_ENABLE_MODULES = YES;
				CLANG_ENABLE_OBJC_ARC = YES;
				CLANG_ENABLE_OBJC_WEAK = YES;
				CLANG_WARN_BLOCK_CAPTURE_AUTORELEASING = YES;
				CLANG_WARN_BOOL_CONVERSION = YES;
				CLANG_WARN_COMMA = YES;
				CLANG_WARN_CONSTANT_CONVERSION = YES;
				CLANG_WARN_DEPRECATED_OBJC_IMPLEMENTATIONS = YES;
				CLANG_WARN_DIRECT_OBJC_ISA_USAGE = YES_ERROR;
				CLANG_WARN_DOCUMENTATION_COMMENTS = YES;
				CLANG_WARN_EMPTY_BODY = YES;
				CLANG_WARN_ENUM_CONVERSION = YES;
				CLANG_WARN_INFINITE_RECURSION = YES;
				CLANG_WARN_INT_CONVERSION = YES;
				CLANG_WARN_NON_LITERAL_NULL_CONVERSION = YES;
				CLANG_WARN_OBJC_IMPLICIT_RETAIN_SELF = YES;
				CLANG_WARN_OBJC_LITERAL_CONVERSION = YES;
				CLANG_WARN_OBJC_ROOT_CLASS = YES_ERROR;
				CLANG_WARN_QUOTED_INCLUDE_IN_FRAMEWORK_HEADER = YES;
				CLANG_WARN_RANGE_LOOP_ANALYSIS = YES;
				CLANG_WARN_STRICT_PROTOTYPES = YES;
				CLANG_WARN_SUSPICIOUS_MOVE = YES;
				CLANG_WARN_UNGUARDED_AVAILABILITY = YES_AGGRESSIVE;
				CLANG_WARN_UNREACHABLE_CODE = YES;
				CLANG_WARN__DUPLICATE_METHOD_MATCH = YES;
				COPY_PHASE_STRIP = NO;
				DEBUG_INFORMATION_FORMAT = "dwarf-with-dsym";
				ENABLE_NS_ASSERTIONS = NO;
				ENABLE_STRICT_OBJC_MSGSEND = YES;
				GCC_C_LANGUAGE_STANDARD = gnu11;
				GCC_NO_COMMON_BLOCKS = YES;
				GCC_WARN_64_TO_32_BIT_CONVERSION = YES;
				GCC_WARN_ABOUT_RETURN_TYPE = YES_ERROR;
				GCC_WARN_UNDECLARED_SELECTOR = YES;
				GCC_WARN_UNINITIALIZED_AUTOS = YES_AGGRESSIVE;
				GCC_WARN_UNUSED_FUNCTION = YES;
				GCC_WARN_UNUSED_VARIABLE = YES;
				IPHONEOS_DEPLOYMENT_TARGET = 16.2;
				MTL_ENABLE_DEBUG_INFO = NO;
				MTL_FAST_MATH = YES;
				SDKROOT = iphoneos;
				SWIFT_COMPILATION_MODE = wholemodule;
				SWIFT_OPTIMIZATION_LEVEL = "-O";
				VALIDATE_PRODUCT = YES;
			};
			name = Release;
		};
		0474BDF42A0A660B00D9A3FE /* Debug */ = {
			isa = XCBuildConfiguration;
			buildSettings = {
				ASSETCATALOG_COMPILER_APPICON_NAME = AppIcon;
				ASSETCATALOG_COMPILER_GLOBAL_ACCENT_COLOR_NAME = AccentColor;
				CODE_SIGN_STYLE = Automatic;
				CURRENT_PROJECT_VERSION = 1;
				DEVELOPMENT_ASSET_PATHS = "\"BuzzPop_ALP/Preview Content\"";
				DEVELOPMENT_TEAM = 59XW7Z84R6;
				ENABLE_PREVIEWS = YES;
				GENERATE_INFOPLIST_FILE = YES;
				INFOPLIST_FILE = "BuzzPop-ALP-Info.plist";
				INFOPLIST_KEY_UIApplicationSceneManifest_Generation = YES;
				INFOPLIST_KEY_UIApplicationSupportsIndirectInputEvents = YES;
				INFOPLIST_KEY_UISupportedInterfaceOrientations_iPad = "UIInterfaceOrientationPortrait UIInterfaceOrientationPortraitUpsideDown UIInterfaceOrientationLandscapeLeft UIInterfaceOrientationLandscapeRight";
				INFOPLIST_KEY_UISupportedInterfaceOrientations_iPhone = "UIInterfaceOrientationPortrait UIInterfaceOrientationLandscapeLeft UIInterfaceOrientationLandscapeRight";
				LD_RUNPATH_SEARCH_PATHS = (
					"$(inherited)",
					"@executable_path/Frameworks",
				);
				MARKETING_VERSION = 1.0;
				PRODUCT_BUNDLE_IDENTIFIER = "dylan.BuzzPop-ALP";
				PRODUCT_NAME = "$(TARGET_NAME)";
				SUPPORTED_PLATFORMS = "iphoneos iphonesimulator macosx";
				SUPPORTS_MACCATALYST = NO;
				SUPPORTS_MAC_DESIGNED_FOR_IPHONE_IPAD = NO;
				SWIFT_EMIT_LOC_STRINGS = YES;
				SWIFT_VERSION = 5.0;
				TARGETED_DEVICE_FAMILY = "1,2";
			};
			name = Debug;
		};
		0474BDF52A0A660B00D9A3FE /* Release */ = {
			isa = XCBuildConfiguration;
			buildSettings = {
				ASSETCATALOG_COMPILER_APPICON_NAME = AppIcon;
				ASSETCATALOG_COMPILER_GLOBAL_ACCENT_COLOR_NAME = AccentColor;
				CODE_SIGN_STYLE = Automatic;
				CURRENT_PROJECT_VERSION = 1;
				DEVELOPMENT_ASSET_PATHS = "\"BuzzPop_ALP/Preview Content\"";
				DEVELOPMENT_TEAM = 59XW7Z84R6;
				ENABLE_PREVIEWS = YES;
				GENERATE_INFOPLIST_FILE = YES;
				INFOPLIST_FILE = "BuzzPop-ALP-Info.plist";
				INFOPLIST_KEY_UIApplicationSceneManifest_Generation = YES;
				INFOPLIST_KEY_UIApplicationSupportsIndirectInputEvents = YES;
				INFOPLIST_KEY_UISupportedInterfaceOrientations_iPad = "UIInterfaceOrientationPortrait UIInterfaceOrientationPortraitUpsideDown UIInterfaceOrientationLandscapeLeft UIInterfaceOrientationLandscapeRight";
				INFOPLIST_KEY_UISupportedInterfaceOrientations_iPhone = "UIInterfaceOrientationPortrait UIInterfaceOrientationLandscapeLeft UIInterfaceOrientationLandscapeRight";
				LD_RUNPATH_SEARCH_PATHS = (
					"$(inherited)",
					"@executable_path/Frameworks",
				);
				MARKETING_VERSION = 1.0;
				PRODUCT_BUNDLE_IDENTIFIER = "dylan.BuzzPop-ALP";
				PRODUCT_NAME = "$(TARGET_NAME)";
				SUPPORTED_PLATFORMS = "iphoneos iphonesimulator macosx";
				SUPPORTS_MACCATALYST = NO;
				SUPPORTS_MAC_DESIGNED_FOR_IPHONE_IPAD = NO;
				SWIFT_EMIT_LOC_STRINGS = YES;
				SWIFT_VERSION = 5.0;
				TARGETED_DEVICE_FAMILY = "1,2";
			};
			name = Release;
		};
		0474BDF72A0A660B00D9A3FE /* Debug */ = {
			isa = XCBuildConfiguration;
			buildSettings = {
				ALWAYS_EMBED_SWIFT_STANDARD_LIBRARIES = YES;
				BUNDLE_LOADER = "$(TEST_HOST)";
				CODE_SIGN_STYLE = Automatic;
				CURRENT_PROJECT_VERSION = 1;
				DEVELOPMENT_TEAM = RSBCF2NM6N;
				GENERATE_INFOPLIST_FILE = YES;
				IPHONEOS_DEPLOYMENT_TARGET = 16.2;
				MARKETING_VERSION = 1.0;
				PRODUCT_BUNDLE_IDENTIFIER = "dylan.BuzzPop-ALPTests";
				PRODUCT_NAME = "$(TARGET_NAME)";
				SWIFT_EMIT_LOC_STRINGS = NO;
				SWIFT_VERSION = 5.0;
				TARGETED_DEVICE_FAMILY = "1,2";
				TEST_HOST = "$(BUILT_PRODUCTS_DIR)/BuzzPop_ALP.app/$(BUNDLE_EXECUTABLE_FOLDER_PATH)/BuzzPop_ALP";
			};
			name = Debug;
		};
		0474BDF82A0A660B00D9A3FE /* Release */ = {
			isa = XCBuildConfiguration;
			buildSettings = {
				ALWAYS_EMBED_SWIFT_STANDARD_LIBRARIES = YES;
				BUNDLE_LOADER = "$(TEST_HOST)";
				CODE_SIGN_STYLE = Automatic;
				CURRENT_PROJECT_VERSION = 1;
				DEVELOPMENT_TEAM = RSBCF2NM6N;
				GENERATE_INFOPLIST_FILE = YES;
				IPHONEOS_DEPLOYMENT_TARGET = 16.2;
				MARKETING_VERSION = 1.0;
				PRODUCT_BUNDLE_IDENTIFIER = "dylan.BuzzPop-ALPTests";
				PRODUCT_NAME = "$(TARGET_NAME)";
				SWIFT_EMIT_LOC_STRINGS = NO;
				SWIFT_VERSION = 5.0;
				TARGETED_DEVICE_FAMILY = "1,2";
				TEST_HOST = "$(BUILT_PRODUCTS_DIR)/BuzzPop_ALP.app/$(BUNDLE_EXECUTABLE_FOLDER_PATH)/BuzzPop_ALP";
			};
			name = Release;
		};
		0474BDFA2A0A660B00D9A3FE /* Debug */ = {
			isa = XCBuildConfiguration;
			buildSettings = {
				ALWAYS_EMBED_SWIFT_STANDARD_LIBRARIES = YES;
				CODE_SIGN_STYLE = Automatic;
				CURRENT_PROJECT_VERSION = 1;
				DEVELOPMENT_TEAM = RSBCF2NM6N;
				GENERATE_INFOPLIST_FILE = YES;
				MARKETING_VERSION = 1.0;
				PRODUCT_BUNDLE_IDENTIFIER = "dylan.BuzzPop-ALPUITests";
				PRODUCT_NAME = "$(TARGET_NAME)";
				SWIFT_EMIT_LOC_STRINGS = NO;
				SWIFT_VERSION = 5.0;
				TARGETED_DEVICE_FAMILY = "1,2";
				TEST_TARGET_NAME = BuzzPop_ALP;
			};
			name = Debug;
		};
		0474BDFB2A0A660B00D9A3FE /* Release */ = {
			isa = XCBuildConfiguration;
			buildSettings = {
				ALWAYS_EMBED_SWIFT_STANDARD_LIBRARIES = YES;
				CODE_SIGN_STYLE = Automatic;
				CURRENT_PROJECT_VERSION = 1;
				DEVELOPMENT_TEAM = RSBCF2NM6N;
				GENERATE_INFOPLIST_FILE = YES;
				MARKETING_VERSION = 1.0;
				PRODUCT_BUNDLE_IDENTIFIER = "dylan.BuzzPop-ALPUITests";
				PRODUCT_NAME = "$(TARGET_NAME)";
				SWIFT_EMIT_LOC_STRINGS = NO;
				SWIFT_VERSION = 5.0;
				TARGETED_DEVICE_FAMILY = "1,2";
				TEST_TARGET_NAME = BuzzPop_ALP;
			};
			name = Release;
		};
/* End XCBuildConfiguration section */

/* Begin XCConfigurationList section */
		042916422A1FAFAF003E00A0 /* Build configuration list for PBXNativeTarget "BuzzPopMac" */ = {
			isa = XCConfigurationList;
			buildConfigurations = (
				042916432A1FAFAF003E00A0 /* Debug */,
				042916442A1FAFAF003E00A0 /* Release */,
			);
			defaultConfigurationIsVisible = 0;
			defaultConfigurationName = Release;
		};
		0474BDCA2A0A660900D9A3FE /* Build configuration list for PBXProject "BuzzPop_ALP" */ = {
			isa = XCConfigurationList;
			buildConfigurations = (
				0474BDF12A0A660B00D9A3FE /* Debug */,
				0474BDF22A0A660B00D9A3FE /* Release */,
			);
			defaultConfigurationIsVisible = 0;
			defaultConfigurationName = Release;
		};
		0474BDF32A0A660B00D9A3FE /* Build configuration list for PBXNativeTarget "BuzzPop_ALP" */ = {
			isa = XCConfigurationList;
			buildConfigurations = (
				0474BDF42A0A660B00D9A3FE /* Debug */,
				0474BDF52A0A660B00D9A3FE /* Release */,
			);
			defaultConfigurationIsVisible = 0;
			defaultConfigurationName = Release;
		};
		0474BDF62A0A660B00D9A3FE /* Build configuration list for PBXNativeTarget "BuzzPop_ALPTests" */ = {
			isa = XCConfigurationList;
			buildConfigurations = (
				0474BDF72A0A660B00D9A3FE /* Debug */,
				0474BDF82A0A660B00D9A3FE /* Release */,
			);
			defaultConfigurationIsVisible = 0;
			defaultConfigurationName = Release;
		};
		0474BDF92A0A660B00D9A3FE /* Build configuration list for PBXNativeTarget "BuzzPop_ALPUITests" */ = {
			isa = XCConfigurationList;
			buildConfigurations = (
				0474BDFA2A0A660B00D9A3FE /* Debug */,
				0474BDFB2A0A660B00D9A3FE /* Release */,
			);
			defaultConfigurationIsVisible = 0;
			defaultConfigurationName = Release;
		};
/* End XCConfigurationList section */

/* Begin XCRemoteSwiftPackageReference section */
		42A4261B2A204B2F00884FE7 /* XCRemoteSwiftPackageReference "ChartView" */ = {
			isa = XCRemoteSwiftPackageReference;
			repositoryURL = "https://github.com/AppPear/ChartView";
			requirement = {
				kind = upToNextMajorVersion;
				minimumVersion = 1.0.0;
			};
		};
/* End XCRemoteSwiftPackageReference section */

/* Begin XCSwiftPackageProductDependency section */
		42A4261C2A204B2F00884FE7 /* SwiftUICharts */ = {
			isa = XCSwiftPackageProductDependency;
			package = 42A4261B2A204B2F00884FE7 /* XCRemoteSwiftPackageReference "ChartView" */;
			productName = SwiftUICharts;
		};
/* End XCSwiftPackageProductDependency section */
	};
	rootObject = 0474BDC72A0A660900D9A3FE /* Project object */;
}
